
Microsoft Visual Studio Solution File, Format Version 12.00
# Visual Studio Version 17
VisualStudioVersion = 17.0.32126.317
MinimumVisualStudioVersion = 10.0.40219.1
Project("{FAE04EC0-301F-11D3-BF4B-00C04F79EFBC}") = "VendingMachineKata", "VendingMachineKata\VendingMachineKata.csproj", "{C3A1D025-CD06-4A7E-B183-F78E422AE7B0}"
EndProject
Global
	GlobalSection(SolutionConfigurationPlatforms) = preSolution
		Debug|Any CPU = Debug|Any CPU
		Release|Any CPU = Release|Any CPU
	EndGlobalSection
	GlobalSection(ProjectConfigurationPlatforms) = postSolution
		{C3A1D025-CD06-4A7E-B183-F78E422AE7B0}.Debug|Any CPU.ActiveCfg = Debug|Any CPU
		{C3A1D025-CD06-4A7E-B183-F78E422AE7B0}.Debug|Any CPU.Build.0 = Debug|Any CPU
		{C3A1D025-CD06-4A7E-B183-F78E422AE7B0}.Release|Any CPU.ActiveCfg = Release|Any CPU
		{C3A1D025-CD06-4A7E-B183-F78E422AE7B0}.Release|Any CPU.Build.0 = Release|Any CPU
	EndGlobalSection
	GlobalSection(SolutionProperties) = preSolution
		HideSolutionNode = FALSE
	EndGlobalSection
	GlobalSection(ExtensibilityGlobals) = postSolution
		SolutionGuid = {E033E88F-1406-4AF3-B215-4B38895C3B91}
	EndGlobalSection
EndGlobal
